
Microsoft Visual Studio Solution File, Format Version 12.00
# Visual Studio Version 16
VisualStudioVersion = 16.0.30717.126
MinimumVisualStudioVersion = 10.0.40219.1
Project("{FAE04EC0-301F-11D3-BF4B-00C04F79EFBC}") = "AuthMicroservice", "AuthMicroservice\AuthMicroservice.csproj", "{F355C11B-B955-4784-9011-9F7AE22DEDCE}"
EndProject
Global
	GlobalSection(SolutionConfigurationPlatforms) = preSolution
		Debug|Any CPU = Debug|Any CPU
		Release|Any CPU = Release|Any CPU
	EndGlobalSection
	GlobalSection(ProjectConfigurationPlatforms) = postSolution
		{F355C11B-B955-4784-9011-9F7AE22DEDCE}.Debug|Any CPU.ActiveCfg = Debug|Any CPU
		{F355C11B-B955-4784-9011-9F7AE22DEDCE}.Debug|Any CPU.Build.0 = Debug|Any CPU
		{F355C11B-B955-4784-9011-9F7AE22DEDCE}.Release|Any CPU.ActiveCfg = Release|Any CPU
		{F355C11B-B955-4784-9011-9F7AE22DEDCE}.Release|Any CPU.Build.0 = Release|Any CPU
	EndGlobalSection
	GlobalSection(SolutionProperties) = preSolution
		HideSolutionNode = FALSE
	EndGlobalSection
	GlobalSection(ExtensibilityGlobals) = postSolution
		SolutionGuid = {44C0E756-8B72-450A-A395-32E8F3D227D0}
	EndGlobalSection
EndGlobal
